
Microsoft Visual Studio Solution File, Format Version 12.00
# Visual Studio Version 16
VisualStudioVersion = 16.0.30114.105
MinimumVisualStudioVersion = 10.0.40219.1
Project("{9A19103F-16F7-4668-BE54-9A1E7A4F7556}") = "PeopleService", "PeopleService\PeopleService.csproj", "{BFC8903E-12D3-4A4B-80E9-A3F29C0ABD90}"
EndProject
Global
	GlobalSection(SolutionConfigurationPlatforms) = preSolution
		Debug|Any CPU = Debug|Any CPU
		Release|Any CPU = Release|Any CPU
	EndGlobalSection
	GlobalSection(ProjectConfigurationPlatforms) = postSolution
		{BFC8903E-12D3-4A4B-80E9-A3F29C0ABD90}.Debug|Any CPU.ActiveCfg = Debug|Any CPU
		{BFC8903E-12D3-4A4B-80E9-A3F29C0ABD90}.Debug|Any CPU.Build.0 = Debug|Any CPU
		{BFC8903E-12D3-4A4B-80E9-A3F29C0ABD90}.Release|Any CPU.ActiveCfg = Release|Any CPU
		{BFC8903E-12D3-4A4B-80E9-A3F29C0ABD90}.Release|Any CPU.Build.0 = Release|Any CPU
	EndGlobalSection
	GlobalSection(SolutionProperties) = preSolution
		HideSolutionNode = FALSE
	EndGlobalSection
	GlobalSection(ExtensibilityGlobals) = postSolution
		SolutionGuid = {C48D90E5-7181-40DF-B29C-AAE051226703}
	EndGlobalSection
EndGlobal
